
Microsoft Visual Studio Solution File, Format Version 12.00
# Visual Studio Version 17
VisualStudioVersion = 17.3.32922.545
MinimumVisualStudioVersion = 10.0.40219.1
Project("{9A19103F-16F7-4668-BE54-9A1E7A4F7556}") = "Lab1", "Test\Lab1.csproj", "{C02BE3F7-5863-4F9E-9957-1B52088C2943}"
EndProject
Global
	GlobalSection(SolutionConfigurationPlatforms) = preSolution
		Debug|Any CPU = Debug|Any CPU
		Release|Any CPU = Release|Any CPU
	EndGlobalSection
	GlobalSection(ProjectConfigurationPlatforms) = postSolution
		{C02BE3F7-5863-4F9E-9957-1B52088C2943}.Debug|Any CPU.ActiveCfg = Debug|Any CPU
		{C02BE3F7-5863-4F9E-9957-1B52088C2943}.Debug|Any CPU.Build.0 = Debug|Any CPU
		{C02BE3F7-5863-4F9E-9957-1B52088C2943}.Release|Any CPU.ActiveCfg = Release|Any CPU
		{C02BE3F7-5863-4F9E-9957-1B52088C2943}.Release|Any CPU.Build.0 = Release|Any CPU
	EndGlobalSection
	GlobalSection(SolutionProperties) = preSolution
		HideSolutionNode = FALSE
	EndGlobalSection
	GlobalSection(ExtensibilityGlobals) = postSolution
		SolutionGuid = {27C47ECD-028C-4D7B-BCF6-1A24A2D02B15}
	EndGlobalSection
EndGlobal
